{
  "version": "3",
  "remote": {
    "https://deno.land/x/openai@v4.27.0/_shims/MultipartBody.ts": "fe06a56b54ae358c9cf99823096e34b36795fdba2e17513f0e9539210edd797d",
    "https://deno.land/x/openai@v4.27.0/_shims/mod.ts": "2e253cb26bfa7060bd37e45626e60e4bf3e7b3fb3e0f559fdfdeef94c73f9372",
    "https://deno.land/x/openai@v4.27.0/core.ts": "e699f94f0ce9e9e0cfaf715c33bec0a7d763645fee5f193549b9fc5cd1323ae9",
    "https://deno.land/x/openai@v4.27.0/error.ts": "82962c51d5894159afc3351e31133eacad9405674ea03c8ccd5ce071b88d5ebf",
    "https://deno.land/x/openai@v4.27.0/lib/AbstractChatCompletionRunner.ts": "0b2442b11f59559f1e8d67b2083dd948a7e9d1b7163de968dd290255c19242ce",
    "https://deno.land/x/openai@v4.27.0/lib/ChatCompletionRunner.ts": "0d1cc40d99cd64b7d573ab95f9cb75750f24f9829da91e12573122842985a2d0",
    "https://deno.land/x/openai@v4.27.0/lib/ChatCompletionStream.ts": "1baab7ba3019704ad81a4efc9e823eb237a4895c1290112191dcda7e94514f43",
    "https://deno.land/x/openai@v4.27.0/lib/ChatCompletionStreamingRunner.ts": "9bcaae3760dd5f9b54d5d4b2ba79b8731bb3dc79214c26e5d0bbdfe809747dd2",
    "https://deno.land/x/openai@v4.27.0/lib/RunnableFunction.ts": "f45a16776de983da6b65e5748eb2c581b6ea9d3849bda0026f24659cf0be2d2c",
    "https://deno.land/x/openai@v4.27.0/lib/chatCompletionUtils.ts": "4991d3e698a54f8e4273eb0f1d73851f7ba549a0a32fabbcd739627677003cb9",
    "https://deno.land/x/openai@v4.27.0/lib/jsonschema.ts": "ed31a7861e19e505c43aa7612579b2739243ee8e8dd47ccb5f8908fa5ff3b5f0",
    "https://deno.land/x/openai@v4.27.0/mod.ts": "aabf17b4a78b5c7d217ccbf04505336fa0aa36e86df3cc8cea21c889e446a3eb",
    "https://deno.land/x/openai@v4.27.0/pagination.ts": "43a99777ce4e7c51ab2718d709e9f5acfbf5a21d3b17de5a53bb6a74923bf410",
    "https://deno.land/x/openai@v4.27.0/resource.ts": "ab3af12d680ecd58fad8f1ff5cd64b48314155bfbd1c4498d1cadd914f8a1316",
    "https://deno.land/x/openai@v4.27.0/resources/audio/audio.ts": "5e29281f42c8938e9ae93284fc360b4d7fa9c21cd79fe03a48e98e8b317edab0",
    "https://deno.land/x/openai@v4.27.0/resources/audio/speech.ts": "0a559eacfa16a3b69d96cd1ef8f6dad903ba28cf031f641ae2bfd4238e104352",
    "https://deno.land/x/openai@v4.27.0/resources/audio/transcriptions.ts": "aa89a5057d9d5a1abd5c1ca5f8677e54bf6cacd805de0fe476beb9ad8819f553",
    "https://deno.land/x/openai@v4.27.0/resources/audio/translations.ts": "9785bc24a8a555e06898a029f943169934f15051862cf7e824f32defdc19d485",
    "https://deno.land/x/openai@v4.27.0/resources/beta/assistants/assistants.ts": "cb80d90375a3cd40793dd17bd832d9a19b32be922f761c7649c49fdf3daa06a0",
    "https://deno.land/x/openai@v4.27.0/resources/beta/assistants/files.ts": "a923a0ae4f8f7a2953709ba97e7849e212c62571fd6075670ee695b5ed6eb117",
    "https://deno.land/x/openai@v4.27.0/resources/beta/beta.ts": "fbcb0b5065cd8093173544282a9208e6f6b89f66b5dbe62c420cd3ad5fa6aff8",
    "https://deno.land/x/openai@v4.27.0/resources/beta/chat/chat.ts": "27c8bfae3bd25d2c7a76e61af3bb63dbf39406ee826282fb1f1502bd5b577cd3",
    "https://deno.land/x/openai@v4.27.0/resources/beta/chat/completions.ts": "e7d1937f3c60fd04381f0104f640eb69c9371a42153e0583da4638a8b5b15c6a",
    "https://deno.land/x/openai@v4.27.0/resources/beta/threads/messages/files.ts": "bd50ec629f6216944a42455ea5f9ec992885df346637f46ede3a4c71fb04246f",
    "https://deno.land/x/openai@v4.27.0/resources/beta/threads/messages/messages.ts": "34ac0d56bf22a5fe6d7853d8c921b81f35817dc76ce7875f7763101bd7449544",
    "https://deno.land/x/openai@v4.27.0/resources/beta/threads/runs/runs.ts": "8c25ec9e82183e780264253add9af1601b2f75df14c92d6c08622668fd4641a6",
    "https://deno.land/x/openai@v4.27.0/resources/beta/threads/runs/steps.ts": "53392a3f81817a2f9525003bb00c50c02dd238c82fd939ca1948a7edbf520f63",
    "https://deno.land/x/openai@v4.27.0/resources/beta/threads/threads.ts": "c38ee69e89a6ca36de824fd4b6997c77ac603aa928ffb97ea3e3614a12e34ee4",
    "https://deno.land/x/openai@v4.27.0/resources/chat/chat.ts": "f620f47df83efa5d32520c894223133a3f94e0358462b7937df45f1a588e3960",
    "https://deno.land/x/openai@v4.27.0/resources/chat/completions.ts": "3195b55957935fcf7f3c0a4807afd71dc37f5c703d55beaa5de9ff0c8722d24a",
    "https://deno.land/x/openai@v4.27.0/resources/chat/mod.ts": "220d4b7ae6c7b901594371308b2f397fe1d736ae039b6e400cbdad843c791fc4",
    "https://deno.land/x/openai@v4.27.0/resources/completions.ts": "bb63eacff7372979280ec889193ad04d676a4c272a87733ddc0802a37187cef9",
    "https://deno.land/x/openai@v4.27.0/resources/embeddings.ts": "7b417f1dc72d1eb9500b8e0b5ef548ec7b5024a21182ef7162535f2a1b633363",
    "https://deno.land/x/openai@v4.27.0/resources/files.ts": "16c77abc27196a66692b1b1b34f424b56174d77859d9d9206c8f7827ae4448be",
    "https://deno.land/x/openai@v4.27.0/resources/fine-tuning/fine-tuning.ts": "c6021ccd5d6f062e6d6178882fba60fdfe51d5f54a0fd45a62d0823b21ca3314",
    "https://deno.land/x/openai@v4.27.0/resources/fine-tuning/jobs.ts": "7b45a06f25136bbdd220ddd9b56a7a3c8fc6580f87fa98c31222337795dbaa45",
    "https://deno.land/x/openai@v4.27.0/resources/images.ts": "ac7153dd8bb7bdc93efb2ad2868a7acca5688f942936988273e23378a660a345",
    "https://deno.land/x/openai@v4.27.0/resources/mod.ts": "3442df6c2cd9cf4599e99939adc520a0e23041162a9a2322e838eb477eccf9e0",
    "https://deno.land/x/openai@v4.27.0/resources/models.ts": "83f81fc5075a6ac2cdb6515014b7e9ce0d311f698ea416e8bf305573786ea809",
    "https://deno.land/x/openai@v4.27.0/resources/moderations.ts": "393c5893692219947135fa8ae0eaeba608f8904128d91b8aa1f03de7c96c8172",
    "https://deno.land/x/openai@v4.27.0/resources/shared.ts": "919082a633e2b16e9d83fd5e9af3b26af3dc24bbadf2e20c2862226b833de414",
    "https://deno.land/x/openai@v4.27.0/streaming.ts": "ba58d42d102c023f326553ea16fe8de6f9d72e99b34f8bf2695740217b93a55a",
    "https://deno.land/x/openai@v4.27.0/uploads.ts": "77080ea73fae95aa8da4edeeb5cc7dcdd94743cd157f667114468c8233154955",
    "https://deno.land/x/openai@v4.27.0/version.ts": "e3b80f7650b45261510806b36c12a8c84489f8351c531f6d73959b8d3894240e"
  },
  "workspace": {
    "dependencies": [
      "npm:tailwindcss@3.3.5"
    ]
  }
}
