{
  "version": "3",
  "remote": {
    "https://deno.land/std@0.207.0/assert/assert.ts": "9a97dad6d98c238938e7540736b826440ad8c1c1e54430ca4c4e623e585607ee",
    "https://deno.land/std@0.207.0/assert/assertion_error.ts": "4d0bde9b374dfbcbe8ac23f54f567b77024fb67dbb1906a852d67fe050d42f56",
    "https://deno.land/std@0.207.0/cli/parse_args.ts": "9bea02050b3f302e706871ff87ecfa3ad82cc34249adbe0dcddfaac75bdb48ff",
    "https://deno.land/std@0.211.0/assert/_constants.ts": "a271e8ef5a573f1df8e822a6eb9d09df064ad66a4390f21b3e31f820a38e0975",
    "https://deno.land/std@0.211.0/assert/_diff.ts": "6a2d68f2c42d73a1e31818a4195f40598d672c7f02ac75c7f1b1e6789852c2bc",
    "https://deno.land/std@0.211.0/assert/_format.ts": "0ba808961bf678437fb486b56405b6fefad2cf87b5809667c781ddee8c32aff4",
    "https://deno.land/std@0.211.0/assert/assert.ts": "bec068b2fccdd434c138a555b19a2c2393b71dfaada02b7d568a01541e67cdc5",
    "https://deno.land/std@0.211.0/assert/assert_almost_equals.ts": "648ea72678296a5ad86d3bbb66904335fa97de3133223f44ca4596b225cdcbef",
    "https://deno.land/std@0.211.0/assert/assert_array_includes.ts": "dbb461c20681807a884ad84d873f9e4daead380859531b1e7f27fa4e8f8bf431",
    "https://deno.land/std@0.211.0/assert/assert_equals.ts": "b3b33ae8a85ae22a0754c61a7486d4ae870e8938830a94f5cacecba3a9b0442a",
    "https://deno.land/std@0.211.0/assert/assert_exists.ts": "24a7bf965e634f909242cd09fbaf38bde6b791128ece08e33ab08586a7cc55c9",
    "https://deno.land/std@0.211.0/assert/assert_false.ts": "6f382568e5128c0f855e5f7dbda8624c1ed9af4fcc33ef4a9afeeedcdce99769",
    "https://deno.land/std@0.211.0/assert/assert_greater.ts": "8dfcf082d2bcffcaab3bd0dab48d41e41c26266529567246de47bd6864936f6d",
    "https://deno.land/std@0.211.0/assert/assert_greater_or_equal.ts": "9e02ef89f32563f539f7e66556930033418728847aefcca4e3806a735b5f122e",
    "https://deno.land/std@0.211.0/assert/assert_instance_of.ts": "72dc1faff1e248692d873c89382fa1579dd7b53b56d52f37f9874a75b11ba444",
    "https://deno.land/std@0.211.0/assert/assert_is_error.ts": "6596f2b5ba89ba2fe9b074f75e9318cda97a2381e59d476812e30077fbdb6ed2",
    "https://deno.land/std@0.211.0/assert/assert_less.ts": "91a6fed705f9c39bbd683b62aa9dfc42547bc886c29f696997e681cafb886b16",
    "https://deno.land/std@0.211.0/assert/assert_less_or_equal.ts": "7a3c2e554eb20aa6af9dd4a410e550bcee9e8a28102d51f5f40cb1b8d141e4e1",
    "https://deno.land/std@0.211.0/assert/assert_match.ts": "ec2d9680ed3e7b9746ec57ec923a17eef6d476202f339ad91d22277d7f1d16e1",
    "https://deno.land/std@0.211.0/assert/assert_not_equals.ts": "cb78bf9a4357d69673c87b634491bc6b840412c8b55efe472af9877ef6f0a29b",
    "https://deno.land/std@0.211.0/assert/assert_not_instance_of.ts": "8f720d92d83775c40b2542a8d76c60c2d4aeddaf8713c8d11df8984af2604931",
    "https://deno.land/std@0.211.0/assert/assert_not_match.ts": "b4b7c77f146963e2b673c1ce4846473703409eb93f5ab0eb60f6e6f8aeffe39f",
    "https://deno.land/std@0.211.0/assert/assert_not_strict_equals.ts": "89ba25e1da5233404ac4c01651c088759b7977c51034eefc6050fe3fc2d10c46",
    "https://deno.land/std@0.211.0/assert/assert_object_match.ts": "e85e5eef62a56ce364c3afdd27978ccab979288a3e772e6855c270a7b118fa49",
    "https://deno.land/std@0.211.0/assert/assert_rejects.ts": "e9e0c8d9c3e164c7ac962c37b3be50577c5a2010db107ed272c4c1afb1269f54",
    "https://deno.land/std@0.211.0/assert/assert_strict_equals.ts": "0425a98f70badccb151644c902384c12771a93e65f8ff610244b8147b03a2366",
    "https://deno.land/std@0.211.0/assert/assert_string_includes.ts": "dfb072a890167146f8e5bdd6fde887ce4657098e9f71f12716ef37f35fb6f4a7",
    "https://deno.land/std@0.211.0/assert/assert_throws.ts": "edddd86b39606c342164b49ad88dd39a26e72a26655e07545d172f164b617fa7",
    "https://deno.land/std@0.211.0/assert/assertion_error.ts": "9f689a101ee586c4ce92f52fa7ddd362e86434ffdf1f848e45987dc7689976b8",
    "https://deno.land/std@0.211.0/assert/equal.ts": "fae5e8a52a11d3ac694bbe1a53e13a7969e3f60791262312e91a3e741ae519e2",
    "https://deno.land/std@0.211.0/assert/fail.ts": "f310e51992bac8e54f5fd8e44d098638434b2edb802383690e0d7a9be1979f1c",
    "https://deno.land/std@0.211.0/assert/mod.ts": "325df8c0683ad83a873b9691aa66b812d6275fc9fec0b2d180ac68a2c5efed3b",
    "https://deno.land/std@0.211.0/assert/unimplemented.ts": "47ca67d1c6dc53abd0bd729b71a31e0825fc452dbcd4fde4ca06789d5644e7fd",
    "https://deno.land/std@0.211.0/assert/unreachable.ts": "38cfecb95d8b06906022d2f9474794fca4161a994f83354fd079cac9032b5145",
    "https://deno.land/std@0.211.0/fmt/colors.ts": "be082d6a6bbb2980ae7b2bf8c23c6bb2811ba90a06a9bcb861344a71784c5a99",
    "https://deno.land/x/openai@v4.24.1/_shims/MultipartBody.ts": "fe06a56b54ae358c9cf99823096e34b36795fdba2e17513f0e9539210edd797d",
    "https://deno.land/x/openai@v4.24.1/_shims/mod.ts": "df7a905c0bd873d3dab745b9c63403594b1804131b5f533e1e72a2f2747cba74",
    "https://deno.land/x/openai@v4.24.1/core.ts": "f63dd18846582debcbf9834b944f1a65c879b6f9624466d97198291dc0915400",
    "https://deno.land/x/openai@v4.24.1/error.ts": "82962c51d5894159afc3351e31133eacad9405674ea03c8ccd5ce071b88d5ebf",
    "https://deno.land/x/openai@v4.24.1/lib/AbstractChatCompletionRunner.ts": "0b2442b11f59559f1e8d67b2083dd948a7e9d1b7163de968dd290255c19242ce",
    "https://deno.land/x/openai@v4.24.1/lib/ChatCompletionRunner.ts": "0d1cc40d99cd64b7d573ab95f9cb75750f24f9829da91e12573122842985a2d0",
    "https://deno.land/x/openai@v4.24.1/lib/ChatCompletionStream.ts": "c7a6fa2e25819ff85ef5eb2ad1c912d19615cf8550129151837bc0cc31f31e77",
    "https://deno.land/x/openai@v4.24.1/lib/ChatCompletionStreamingRunner.ts": "9bcaae3760dd5f9b54d5d4b2ba79b8731bb3dc79214c26e5d0bbdfe809747dd2",
    "https://deno.land/x/openai@v4.24.1/lib/RunnableFunction.ts": "f45a16776de983da6b65e5748eb2c581b6ea9d3849bda0026f24659cf0be2d2c",
    "https://deno.land/x/openai@v4.24.1/lib/chatCompletionUtils.ts": "4991d3e698a54f8e4273eb0f1d73851f7ba549a0a32fabbcd739627677003cb9",
    "https://deno.land/x/openai@v4.24.1/lib/jsonschema.ts": "ed31a7861e19e505c43aa7612579b2739243ee8e8dd47ccb5f8908fa5ff3b5f0",
    "https://deno.land/x/openai@v4.24.1/mod.ts": "d4e7be3173ac239231d40b32c94fad4bc620f83676f672d441252daa02b06d8f",
    "https://deno.land/x/openai@v4.24.1/pagination.ts": "43a99777ce4e7c51ab2718d709e9f5acfbf5a21d3b17de5a53bb6a74923bf410",
    "https://deno.land/x/openai@v4.24.1/resource.ts": "ab3af12d680ecd58fad8f1ff5cd64b48314155bfbd1c4498d1cadd914f8a1316",
    "https://deno.land/x/openai@v4.24.1/resources/audio/audio.ts": "5e29281f42c8938e9ae93284fc360b4d7fa9c21cd79fe03a48e98e8b317edab0",
    "https://deno.land/x/openai@v4.24.1/resources/audio/speech.ts": "0a559eacfa16a3b69d96cd1ef8f6dad903ba28cf031f641ae2bfd4238e104352",
    "https://deno.land/x/openai@v4.24.1/resources/audio/transcriptions.ts": "3b6881e3c4ab19a0946f7bc5f91c2e64eefcf8e37fd715ab464d0dc27590df1c",
    "https://deno.land/x/openai@v4.24.1/resources/audio/translations.ts": "9785bc24a8a555e06898a029f943169934f15051862cf7e824f32defdc19d485",
    "https://deno.land/x/openai@v4.24.1/resources/beta/assistants/assistants.ts": "e53e8edb16a1c794a84148a140ddf7e64f0d8c09f557e3925e0ce4972885f7be",
    "https://deno.land/x/openai@v4.24.1/resources/beta/assistants/files.ts": "a923a0ae4f8f7a2953709ba97e7849e212c62571fd6075670ee695b5ed6eb117",
    "https://deno.land/x/openai@v4.24.1/resources/beta/beta.ts": "fbcb0b5065cd8093173544282a9208e6f6b89f66b5dbe62c420cd3ad5fa6aff8",
    "https://deno.land/x/openai@v4.24.1/resources/beta/chat/chat.ts": "27c8bfae3bd25d2c7a76e61af3bb63dbf39406ee826282fb1f1502bd5b577cd3",
    "https://deno.land/x/openai@v4.24.1/resources/beta/chat/completions.ts": "e7d1937f3c60fd04381f0104f640eb69c9371a42153e0583da4638a8b5b15c6a",
    "https://deno.land/x/openai@v4.24.1/resources/beta/threads/messages/files.ts": "bd50ec629f6216944a42455ea5f9ec992885df346637f46ede3a4c71fb04246f",
    "https://deno.land/x/openai@v4.24.1/resources/beta/threads/messages/messages.ts": "34ac0d56bf22a5fe6d7853d8c921b81f35817dc76ce7875f7763101bd7449544",
    "https://deno.land/x/openai@v4.24.1/resources/beta/threads/runs/runs.ts": "67cd41f5cbbdc6b6344886219ed881498c9a2d67ee9551ba5675560afe67d0e9",
    "https://deno.land/x/openai@v4.24.1/resources/beta/threads/runs/steps.ts": "74cab30e50485eb1a14c6a4430ed4e9976115c06f09ffff009d8b0818849d7d1",
    "https://deno.land/x/openai@v4.24.1/resources/beta/threads/threads.ts": "c38ee69e89a6ca36de824fd4b6997c77ac603aa928ffb97ea3e3614a12e34ee4",
    "https://deno.land/x/openai@v4.24.1/resources/chat/chat.ts": "f620f47df83efa5d32520c894223133a3f94e0358462b7937df45f1a588e3960",
    "https://deno.land/x/openai@v4.24.1/resources/chat/completions.ts": "4904cfef68848f9e182fdce5c6a6d2d8de122cd0bec3f326db99f6fe67183a79",
    "https://deno.land/x/openai@v4.24.1/resources/chat/mod.ts": "220d4b7ae6c7b901594371308b2f397fe1d736ae039b6e400cbdad843c791fc4",
    "https://deno.land/x/openai@v4.24.1/resources/completions.ts": "4cbcbceb2c7f5bc5f9ac39698ca62cad2a2127efaad0d50ee04aff06d3fdb79e",
    "https://deno.land/x/openai@v4.24.1/resources/edits.ts": "847a392dfe2d6a3614a20f46e013acaeb06e69de40a4106b012cb99f02fcfc23",
    "https://deno.land/x/openai@v4.24.1/resources/embeddings.ts": "f607d76d445c6314e43a6816ab7a5e39e1ef33efdbc0ae1c1b5313e4cede9866",
    "https://deno.land/x/openai@v4.24.1/resources/files.ts": "16c77abc27196a66692b1b1b34f424b56174d77859d9d9206c8f7827ae4448be",
    "https://deno.land/x/openai@v4.24.1/resources/fine-tunes.ts": "d4b7f4d758b0bfe6e5350d58ebe57150aa3426dc5143ec5815b4e231adffff0f",
    "https://deno.land/x/openai@v4.24.1/resources/fine-tuning/fine-tuning.ts": "c6021ccd5d6f062e6d6178882fba60fdfe51d5f54a0fd45a62d0823b21ca3314",
    "https://deno.land/x/openai@v4.24.1/resources/fine-tuning/jobs.ts": "9a619aa3f433ab24f8847129329e3d6105f4f59d4a02853e40097c1c423dcbff",
    "https://deno.land/x/openai@v4.24.1/resources/images.ts": "ac7153dd8bb7bdc93efb2ad2868a7acca5688f942936988273e23378a660a345",
    "https://deno.land/x/openai@v4.24.1/resources/mod.ts": "a2217f5ca1dfb6d64f752c673ac0348e85808cf956616571b203365ffe8e002d",
    "https://deno.land/x/openai@v4.24.1/resources/models.ts": "83f81fc5075a6ac2cdb6515014b7e9ce0d311f698ea416e8bf305573786ea809",
    "https://deno.land/x/openai@v4.24.1/resources/moderations.ts": "e3ebf9638af6c18e9a9ea875d1397580a501890ed9bd6710b2248a1b21bec30a",
    "https://deno.land/x/openai@v4.24.1/resources/shared.ts": "919082a633e2b16e9d83fd5e9af3b26af3dc24bbadf2e20c2862226b833de414",
    "https://deno.land/x/openai@v4.24.1/streaming.ts": "f360cf909b07562330ca75470ae26eecdc35f176af424b0f74ab673a5b242782",
    "https://deno.land/x/openai@v4.24.1/uploads.ts": "96dbd9e7e7b5a9bc3ff38e81f6c1372c2cdce28b38c704cd61c7daeb5494b6f9",
    "https://deno.land/x/openai@v4.24.1/version.ts": "22ce71a7c8cb942f16a2d3128b9f508a7018c05b9d6a483f9b7a33df5d2f7c12"
  }
}
